
Microsoft Visual Studio Solution File, Format Version 12.00
# Visual Studio Version 17
VisualStudioVersion = 17.7.34003.232
MinimumVisualStudioVersion = 10.0.40219.1
Project("{8BC9CEB8-8B4A-11D0-8D11-00A0C91BC942}") = "question04-1", "question04-1\question04-1.vcxproj", "{D6C4B5FF-2B3C-4575-A426-12B20308281D}"
EndProject
Global
	GlobalSection(SolutionConfigurationPlatforms) = preSolution
		Debug|x64 = Debug|x64
		Debug|x86 = Debug|x86
		Release|x64 = Release|x64
		Release|x86 = Release|x86
	EndGlobalSection
	GlobalSection(ProjectConfigurationPlatforms) = postSolution
		{D6C4B5FF-2B3C-4575-A426-12B20308281D}.Debug|x64.ActiveCfg = Debug|x64
		{D6C4B5FF-2B3C-4575-A426-12B20308281D}.Debug|x64.Build.0 = Debug|x64
		{D6C4B5FF-2B3C-4575-A426-12B20308281D}.Debug|x86.ActiveCfg = Debug|Win32
		{D6C4B5FF-2B3C-4575-A426-12B20308281D}.Debug|x86.Build.0 = Debug|Win32
		{D6C4B5FF-2B3C-4575-A426-12B20308281D}.Release|x64.ActiveCfg = Release|x64
		{D6C4B5FF-2B3C-4575-A426-12B20308281D}.Release|x64.Build.0 = Release|x64
		{D6C4B5FF-2B3C-4575-A426-12B20308281D}.Release|x86.ActiveCfg = Release|Win32
		{D6C4B5FF-2B3C-4575-A426-12B20308281D}.Release|x86.Build.0 = Release|Win32
	EndGlobalSection
	GlobalSection(SolutionProperties) = preSolution
		HideSolutionNode = FALSE
	EndGlobalSection
	GlobalSection(ExtensibilityGlobals) = postSolution
		SolutionGuid = {5164E8DA-C646-45A2-94BC-956BA0A7C5FD}
	EndGlobalSection
EndGlobal
